
Microsoft Visual Studio Solution File, Format Version 12.00
# Visual Studio Version 16
VisualStudioVersion = 16.0.29324.140
MinimumVisualStudioVersion = 10.0.40219.1
Project("{FAE04EC0-301F-11D3-BF4B-00C04F79EFBC}") = "DemoProject", "DemoProject\DemoProject.csproj", "{C6E166C1-FFB9-42DB-92B7-FEC4C8776CCF}"
EndProject
Project("{FAE04EC0-301F-11D3-BF4B-00C04F79EFBC}") = "DemoAPI", "DemoAPI\DemoAPI.csproj", "{917916F7-727A-451B-B678-BE69D231D59B}"
EndProject
Global
	GlobalSection(SolutionConfigurationPlatforms) = preSolution
		Debug|Any CPU = Debug|Any CPU
		Release|Any CPU = Release|Any CPU
	EndGlobalSection
	GlobalSection(ProjectConfigurationPlatforms) = postSolution
		{C6E166C1-FFB9-42DB-92B7-FEC4C8776CCF}.Debug|Any CPU.ActiveCfg = Debug|Any CPU
		{C6E166C1-FFB9-42DB-92B7-FEC4C8776CCF}.Debug|Any CPU.Build.0 = Debug|Any CPU
		{C6E166C1-FFB9-42DB-92B7-FEC4C8776CCF}.Release|Any CPU.ActiveCfg = Release|Any CPU
		{C6E166C1-FFB9-42DB-92B7-FEC4C8776CCF}.Release|Any CPU.Build.0 = Release|Any CPU
		{917916F7-727A-451B-B678-BE69D231D59B}.Debug|Any CPU.ActiveCfg = Debug|Any CPU
		{917916F7-727A-451B-B678-BE69D231D59B}.Debug|Any CPU.Build.0 = Debug|Any CPU
		{917916F7-727A-451B-B678-BE69D231D59B}.Release|Any CPU.ActiveCfg = Release|Any CPU
		{917916F7-727A-451B-B678-BE69D231D59B}.Release|Any CPU.Build.0 = Release|Any CPU
	EndGlobalSection
	GlobalSection(SolutionProperties) = preSolution
		HideSolutionNode = FALSE
	EndGlobalSection
	GlobalSection(ExtensibilityGlobals) = postSolution
		SolutionGuid = {B7C7A699-170C-4DC9-9E0B-6FFD8F09A673}
	EndGlobalSection
EndGlobal
